
Microsoft Visual Studio Solution File, Format Version 12.00
# Visual Studio Version 17
VisualStudioVersion = 17.14.36301.6 d17.14
MinimumVisualStudioVersion = 10.0.40219.1
Project("{FAE04EC0-301F-11D3-BF4B-00C04F79EFBC}") = "BTOnline_3", "BTOnline_3\BTOnline_3.csproj", "{54F6AF99-C7B2-4E41-9839-1BEBD512565F}"
EndProject
Global
	GlobalSection(SolutionConfigurationPlatforms) = preSolution
		Debug|Any CPU = Debug|Any CPU
		Release|Any CPU = Release|Any CPU
	EndGlobalSection
	GlobalSection(ProjectConfigurationPlatforms) = postSolution
		{54F6AF99-C7B2-4E41-9839-1BEBD512565F}.Debug|Any CPU.ActiveCfg = Debug|Any CPU
		{54F6AF99-C7B2-4E41-9839-1BEBD512565F}.Debug|Any CPU.Build.0 = Debug|Any CPU
		{54F6AF99-C7B2-4E41-9839-1BEBD512565F}.Release|Any CPU.ActiveCfg = Release|Any CPU
		{54F6AF99-C7B2-4E41-9839-1BEBD512565F}.Release|Any CPU.Build.0 = Release|Any CPU
	EndGlobalSection
	GlobalSection(SolutionProperties) = preSolution
		HideSolutionNode = FALSE
	EndGlobalSection
	GlobalSection(ExtensibilityGlobals) = postSolution
		SolutionGuid = {553FC7A3-AA3A-4290-ADDB-FDCB741322A4}
	EndGlobalSection
EndGlobal
